
Microsoft Visual Studio Solution File, Format Version 12.00
# Visual Studio Version 17
VisualStudioVersion = 17.9.34616.47
MinimumVisualStudioVersion = 10.0.40219.1
Project("{9A19103F-16F7-4668-BE54-9A1E7A4F7556}") = "KJTGroup.Entities", "KJTGroup.Entities\KJTGroup.Entities.csproj", "{F88A9F12-6AB8-4F89-939A-48025A2F3B5E}"
EndProject
Project("{9A19103F-16F7-4668-BE54-9A1E7A4F7556}") = "KJTGroup.Helpers", "KJTGroup.Helpers\KJTGroup.Helpers.csproj", "{7056F467-3E42-46AE-9B21-4915671BA708}"
EndProject
Project("{9A19103F-16F7-4668-BE54-9A1E7A4F7556}") = "KJTGroup.EFCore", "KJTGroup.EFCore\KJTGroup.EFCore.csproj", "{124B0AA8-E72E-4DC4-94C6-A4563481C9C0}"
EndProject
Project("{9A19103F-16F7-4668-BE54-9A1E7A4F7556}") = "KJTGroup.WebApi", "KJTGroup.WebApi\KJTGroup.WebApi.csproj", "{0CFF0374-D46B-4658-B782-6DEF57B03E3A}"
EndProject
Project("{FAE04EC0-301F-11D3-BF4B-00C04F79EFBC}") = "KJTGroup.Dtos", "KJTGroup.Dtos\KJTGroup.Dtos.csproj", "{38B31A8B-0DD4-46E6-B257-0B2FA3B934B9}"
EndProject
Project("{FAE04EC0-301F-11D3-BF4B-00C04F79EFBC}") = "KJTGroup.AutoMapper", "KJTGroup.AutoMapper\KJTGroup.AutoMapper.csproj", "{94F36E82-124E-4864-A68B-B609CA6E6BB5}"
EndProject
Global
	GlobalSection(SolutionConfigurationPlatforms) = preSolution
		Debug|Any CPU = Debug|Any CPU
		Release|Any CPU = Release|Any CPU
	EndGlobalSection
	GlobalSection(ProjectConfigurationPlatforms) = postSolution
		{F88A9F12-6AB8-4F89-939A-48025A2F3B5E}.Debug|Any CPU.ActiveCfg = Debug|Any CPU
		{F88A9F12-6AB8-4F89-939A-48025A2F3B5E}.Debug|Any CPU.Build.0 = Debug|Any CPU
		{F88A9F12-6AB8-4F89-939A-48025A2F3B5E}.Release|Any CPU.ActiveCfg = Release|Any CPU
		{F88A9F12-6AB8-4F89-939A-48025A2F3B5E}.Release|Any CPU.Build.0 = Release|Any CPU
		{7056F467-3E42-46AE-9B21-4915671BA708}.Debug|Any CPU.ActiveCfg = Debug|Any CPU
		{7056F467-3E42-46AE-9B21-4915671BA708}.Debug|Any CPU.Build.0 = Debug|Any CPU
		{7056F467-3E42-46AE-9B21-4915671BA708}.Release|Any CPU.ActiveCfg = Release|Any CPU
		{7056F467-3E42-46AE-9B21-4915671BA708}.Release|Any CPU.Build.0 = Release|Any CPU
		{124B0AA8-E72E-4DC4-94C6-A4563481C9C0}.Debug|Any CPU.ActiveCfg = Debug|Any CPU
		{124B0AA8-E72E-4DC4-94C6-A4563481C9C0}.Debug|Any CPU.Build.0 = Debug|Any CPU
		{124B0AA8-E72E-4DC4-94C6-A4563481C9C0}.Release|Any CPU.ActiveCfg = Release|Any CPU
		{124B0AA8-E72E-4DC4-94C6-A4563481C9C0}.Release|Any CPU.Build.0 = Release|Any CPU
		{0CFF0374-D46B-4658-B782-6DEF57B03E3A}.Debug|Any CPU.ActiveCfg = Debug|Any CPU
		{0CFF0374-D46B-4658-B782-6DEF57B03E3A}.Debug|Any CPU.Build.0 = Debug|Any CPU
		{0CFF0374-D46B-4658-B782-6DEF57B03E3A}.Release|Any CPU.ActiveCfg = Release|Any CPU
		{0CFF0374-D46B-4658-B782-6DEF57B03E3A}.Release|Any CPU.Build.0 = Release|Any CPU
		{38B31A8B-0DD4-46E6-B257-0B2FA3B934B9}.Debug|Any CPU.ActiveCfg = Debug|Any CPU
		{38B31A8B-0DD4-46E6-B257-0B2FA3B934B9}.Debug|Any CPU.Build.0 = Debug|Any CPU
		{38B31A8B-0DD4-46E6-B257-0B2FA3B934B9}.Release|Any CPU.ActiveCfg = Release|Any CPU
		{38B31A8B-0DD4-46E6-B257-0B2FA3B934B9}.Release|Any CPU.Build.0 = Release|Any CPU
		{94F36E82-124E-4864-A68B-B609CA6E6BB5}.Debug|Any CPU.ActiveCfg = Debug|Any CPU
		{94F36E82-124E-4864-A68B-B609CA6E6BB5}.Debug|Any CPU.Build.0 = Debug|Any CPU
		{94F36E82-124E-4864-A68B-B609CA6E6BB5}.Release|Any CPU.ActiveCfg = Release|Any CPU
		{94F36E82-124E-4864-A68B-B609CA6E6BB5}.Release|Any CPU.Build.0 = Release|Any CPU
	EndGlobalSection
	GlobalSection(SolutionProperties) = preSolution
		HideSolutionNode = FALSE
	EndGlobalSection
	GlobalSection(ExtensibilityGlobals) = postSolution
		SolutionGuid = {2B77494B-F17E-4B6E-8161-BBEE02C2CDA4}
	EndGlobalSection
EndGlobal
